<?xml version="1.0" encoding="utf-8"?>
<Project ToolsVersion="4.0" xmlns="http://schemas.microsoft.com/developer/msbuild/2003">
  <ItemGroup>
    <Filter Include="EntryPoint">
      <UniqueIdentifier>{02c8a4ee-32a8-4ee4-805b-22f8c7887a39}</UniqueIdentifier>
    </Filter>
    <Filter Include="GameProcess">
      <UniqueIdentifier>{1b4a46fd-68bc-451b-9a81-f709c8b08054}</UniqueIdentifier>
    </Filter>
    <Filter Include="GameTimer">
      <UniqueIdentifier>{95be5579-2d98-4e12-a313-aeba88c0a4c0}</UniqueIdentifier>
    </Filter>
  </ItemGroup>
  <ItemGroup>
    <ClCompile Include="WinMain.cpp">
      <Filter>EntryPoint</Filter>
    </ClCompile>
    <ClCompile Include="GameProcess.cpp">
      <Filter>GameProcess</Filter>
    </ClCompile>
    <ClCompile Include="GameTimer.cpp">
      <Filter>GameTimer</Filter>
    </ClCompile>
  </ItemGroup>
  <ItemGroup>
    <ClInclude Include="GameProcess.h">
      <Filter>GameProcess</Filter>
    </ClInclude>
    <ClInclude Include="GameTimer.h">
      <Filter>GameTimer</Filter>
    </ClInclude>
  </ItemGroup>
</Project>