<?xml version="1.0" encoding="utf-8"?>
<Project ToolsVersion="4.0" xmlns="http://schemas.microsoft.com/developer/msbuild/2003">
  <ItemGroup>
    <Filter Include="GraphicsEngine">
      <UniqueIdentifier>{7ccf0cee-f546-4f63-b941-a6919a1914ff}</UniqueIdentifier>
    </Filter>
    <Filter Include="DX11Device">
      <UniqueIdentifier>{676a7206-c61b-4e30-bde6-a0eafb205513}</UniqueIdentifier>
    </Filter>
    <Filter Include="HLSL">
      <UniqueIdentifier>{8d8d59db-57eb-4b2d-97ad-d2cfa595edad}</UniqueIdentifier>
    </Filter>
    <Filter Include="Renderer">
      <UniqueIdentifier>{4d3c2509-e8ae-43f8-b36f-ae4672ed36ee}</UniqueIdentifier>
    </Filter>
    <Filter Include="Object">
      <UniqueIdentifier>{fa8fbf4b-e53a-45da-86f3-47dd0404a1a3}</UniqueIdentifier>
    </Filter>
    <Filter Include="Camera">
      <UniqueIdentifier>{8f1de0bd-83d1-4ffd-b083-1d08a42d8a37}</UniqueIdentifier>
    </Filter>
    <Filter Include="Text">
      <UniqueIdentifier>{215a5106-79fd-4f28-ad4c-b24c326d5328}</UniqueIdentifier>
    </Filter>
  </ItemGroup>
  <ItemGroup>
    <ClCompile Include="GraphicsEngine.cpp">
      <Filter>GraphicsEngine</Filter>
    </ClCompile>
    <ClCompile Include="DX11Device.cpp">
      <Filter>DX11Device</Filter>
    </ClCompile>
    <ClCompile Include="D3DRenderer.cpp">
      <Filter>Renderer</Filter>
    </ClCompile>
    <ClCompile Include="I3DRenderer.cpp">
      <Filter>Renderer</Filter>
    </ClCompile>
    <ClCompile Include="Box.cpp">
      <Filter>Object</Filter>
    </ClCompile>
    <ClCompile Include="Camera.cpp">
      <Filter>Camera</Filter>
    </ClCompile>
    <ClCompile Include="IObject.cpp">
      <Filter>Object</Filter>
    </ClCompile>
    <ClCompile Include="Grid.cpp">
      <Filter>Object</Filter>
    </ClCompile>
    <ClCompile Include="Text.cpp">
      <Filter>Text</Filter>
    </ClCompile>
    <ClCompile Include="RectangleUI.cpp">
      <Filter>Object</Filter>
    </ClCompile>
  </ItemGroup>
  <ItemGroup>
    <ClInclude Include="GraphicsEngine.h">
      <Filter>GraphicsEngine</Filter>
    </ClInclude>
    <ClInclude Include="DX11Device.h">
      <Filter>DX11Device</Filter>
    </ClInclude>
    <ClInclude Include="ReadData.h">
      <Filter>DX11Device</Filter>
    </ClInclude>
    <ClInclude Include="D3DRenderer.h">
      <Filter>Renderer</Filter>
    </ClInclude>
    <ClInclude Include="I3DRenderer.h">
      <Filter>Renderer</Filter>
    </ClInclude>
    <ClInclude Include="Box.h">
      <Filter>Object</Filter>
    </ClInclude>
    <ClInclude Include="Camera.h">
      <Filter>Camera</Filter>
    </ClInclude>
    <ClInclude Include="IObject.h">
      <Filter>Object</Filter>
    </ClInclude>
    <ClInclude Include="Grid.h">
      <Filter>Object</Filter>
    </ClInclude>
    <ClInclude Include="Text.h">
      <Filter>Text</Filter>
    </ClInclude>
    <ClInclude Include="RectangleUI.h">
      <Filter>Object</Filter>
    </ClInclude>
  </ItemGroup>
  <ItemGroup>
    <FxCompile Include="VertexShader.hlsl">
      <Filter>HLSL</Filter>
    </FxCompile>
    <FxCompile Include="PixelShader.hlsl">
      <Filter>HLSL</Filter>
    </FxCompile>
  </ItemGroup>
  <ItemGroup>
    <None Include="Header.hlsli">
      <Filter>HLSL</Filter>
    </None>
  </ItemGroup>
</Project>